
Microsoft Visual Studio Solution File, Format Version 12.00
Project("{FAE04EC0-301F-11D3-BF4B-00C04F79EFBC}") = "apbd01", "apbd01\apbd01.csproj", "{03D5344B-0642-49E6-9E89-14160D0040AB}"
EndProject
Global
	GlobalSection(SolutionConfigurationPlatforms) = preSolution
		Debug|Any CPU = Debug|Any CPU
		Release|Any CPU = Release|Any CPU
	EndGlobalSection
	GlobalSection(ProjectConfigurationPlatforms) = postSolution
		{03D5344B-0642-49E6-9E89-14160D0040AB}.Debug|Any CPU.ActiveCfg = Debug|Any CPU
		{03D5344B-0642-49E6-9E89-14160D0040AB}.Debug|Any CPU.Build.0 = Debug|Any CPU
		{03D5344B-0642-49E6-9E89-14160D0040AB}.Release|Any CPU.ActiveCfg = Release|Any CPU
		{03D5344B-0642-49E6-9E89-14160D0040AB}.Release|Any CPU.Build.0 = Release|Any CPU
	EndGlobalSection
EndGlobal
